// !$*UTF8*$!
{
	archiveVersion = 1;
	classes = {
	};
	objectVersion = 46;
	objects = {

/* Begin PBXBuildFile section */
		400853161C310643004C2DE1 /* main.m in Sources */ = {isa = PBXBuildFile; fileRef = 400853151C310643004C2DE1 /* main.m */; };
		400853191C310643004C2DE1 /* AppDelegate.m in Sources */ = {isa = PBXBuildFile; fileRef = 400853181C310643004C2DE1 /* AppDelegate.m */; };
		4008531C1C310643004C2DE1 /* ViewController.m in Sources */ = {isa = PBXBuildFile; fileRef = 4008531B1C310643004C2DE1 /* ViewController.m */; };
		4008531F1C310643004C2DE1 /* Main.storyboard in Resources */ = {isa = PBXBuildFile; fileRef = 4008531D1C310643004C2DE1 /* Main.storyboard */; };
		400853211C310643004C2DE1 /* Assets.xcassets in Resources */ = {isa = PBXBuildFile; fileRef = 400853201C310643004C2DE1 /* Assets.xcassets */; };
		400853241C310643004C2DE1 /* LaunchScreen.storyboard in Resources */ = {isa = PBXBuildFile; fileRef = 400853221C310643004C2DE1 /* LaunchScreen.storyboard */; };
		4008532F1C310643004C2DE1 /* LabelViewTests.m in Sources */ = {isa = PBXBuildFile; fileRef = 4008532E1C310643004C2DE1 /* LabelViewTests.m */; };
		4008533A1C310643004C2DE1 /* LabelViewUITests.m in Sources */ = {isa = PBXBuildFile; fileRef = 400853391C310643004C2DE1 /* LabelViewUITests.m */; };
		400853491C313CA2004C2DE1 /* ListLabelsView.m in Sources */ = {isa = PBXBuildFile; fileRef = 400853481C313CA2004C2DE1 /* ListLabelsView.m */; };
/* End PBXBuildFile section */

/* Begin PBXContainerItemProxy section */
		4008532B1C310643004C2DE1 /* PBXContainerItemProxy */ = {
			isa = PBXContainerItemProxy;
			containerPortal = 400853091C310643004C2DE1 /* Project object */;
			proxyType = 1;
			remoteGlobalIDString = 400853101C310643004C2DE1;
			remoteInfo = LabelView;
		};
		400853361C310643004C2DE1 /* PBXContainerItemProxy */ = {
			isa = PBXContainerItemProxy;
			containerPortal = 400853091C310643004C2DE1 /* Project object */;
			proxyType = 1;
			remoteGlobalIDString = 400853101C310643004C2DE1;
			remoteInfo = LabelView;
		};
/* End PBXContainerItemProxy section */

/* Begin PBXFileReference section */
		400853111C310643004C2DE1 /* LabelView.app */ = {isa = PBXFileReference; explicitFileType = wrapper.application; includeInIndex = 0; path = LabelView.app; sourceTree = BUILT_PRODUCTS_DIR; };
		400853151C310643004C2DE1 /* main.m */ = {isa = PBXFileReference; lastKnownFileType = sourcecode.c.objc; path = main.m; sourceTree = "<group>"; };
		400853171C310643004C2DE1 /* AppDelegate.h */ = {isa = PBXFileReference; lastKnownFileType = sourcecode.c.h; path = AppDelegate.h; sourceTree = "<group>"; };
		400853181C310643004C2DE1 /* AppDelegate.m */ = {isa = PBXFileReference; lastKnownFileType = sourcecode.c.objc; path = AppDelegate.m; sourceTree = "<group>"; };
		4008531A1C310643004C2DE1 /* ViewController.h */ = {isa = PBXFileReference; lastKnownFileType = sourcecode.c.h; path = ViewController.h; sourceTree = "<group>"; };
		4008531B1C310643004C2DE1 /* ViewController.m */ = {isa = PBXFileReference; lastKnownFileType = sourcecode.c.objc; path = ViewController.m; sourceTree = "<group>"; };
		4008531E1C310643004C2DE1 /* Base */ = {isa = PBXFileReference; lastKnownFileType = file.storyboard; name = Base; path = Base.lproj/Main.storyboard; sourceTree = "<group>"; };
		400853201C310643004C2DE1 /* Assets.xcassets */ = {isa = PBXFileReference; lastKnownFileType = folder.assetcatalog; path = Assets.xcassets; sourceTree = "<group>"; };
		400853231C310643004C2DE1 /* Base */ = {isa = PBXFileReference; lastKnownFileType = file.storyboard; name = Base; path = Base.lproj/LaunchScreen.storyboard; sourceTree = "<group>"; };
		400853251C310643004C2DE1 /* Info.plist */ = {isa = PBXFileReference; lastKnownFileType = text.plist.xml; path = Info.plist; sourceTree = "<group>"; };
		4008532A1C310643004C2DE1 /* LabelViewTests.xctest */ = {isa = PBXFileReference; explicitFileType = wrapper.cfbundle; includeInIndex = 0; path = LabelViewTests.xctest; sourceTree = BUILT_PRODUCTS_DIR; };
		4008532E1C310643004C2DE1 /* LabelViewTests.m */ = {isa = PBXFileReference; lastKnownFileType = sourcecode.c.objc; path = LabelViewTests.m; sourceTree = "<group>"; };
		400853301C310643004C2DE1 /* Info.plist */ = {isa = PBXFileReference; lastKnownFileType = text.plist.xml; path = Info.plist; sourceTree = "<group>"; };
		400853351C310643004C2DE1 /* LabelViewUITests.xctest */ = {isa = PBXFileReference; explicitFileType = wrapper.cfbundle; includeInIndex = 0; path = LabelViewUITests.xctest; sourceTree = BUILT_PRODUCTS_DIR; };
		400853391C310643004C2DE1 /* LabelViewUITests.m */ = {isa = PBXFileReference; lastKnownFileType = sourcecode.c.objc; path = LabelViewUITests.m; sourceTree = "<group>"; };
		4008533B1C310643004C2DE1 /* Info.plist */ = {isa = PBXFileReference; lastKnownFileType = text.plist.xml; path = Info.plist; sourceTree = "<group>"; };
		400853471C313CA2004C2DE1 /* ListLabelsView.h */ = {isa = PBXFileReference; fileEncoding = 4; lastKnownFileType = sourcecode.c.h; path = ListLabelsView.h; sourceTree = "<group>"; };
		400853481C313CA2004C2DE1 /* ListLabelsView.m */ = {isa = PBXFileReference; fileEncoding = 4; lastKnownFileType = sourcecode.c.objc; path = ListLabelsView.m; sourceTree = "<group>"; };
/* End PBXFileReference section */

/* Begin PBXFrameworksBuildPhase section */
		4008530E1C310643004C2DE1 /* Frameworks */ = {
			isa = PBXFrameworksBuildPhase;
			buildActionMask = 2147483647;
			files = (
			);
			runOnlyForDeploymentPostprocessing = 0;
		};
		400853271C310643004C2DE1 /* Frameworks */ = {
			isa = PBXFrameworksBuildPhase;
			buildActionMask = 2147483647;
			files = (
			);
			runOnlyForDeploymentPostprocessing = 0;
		};
		400853321C310643004C2DE1 /* Frameworks */ = {
			isa = PBXFrameworksBuildPhase;
			buildActionMask = 2147483647;
			files = (
			);
			runOnlyForDeploymentPostprocessing = 0;
		};
/* End PBXFrameworksBuildPhase section */

/* Begin PBXGroup section */
		400853081C310643004C2DE1 = {
			isa = PBXGroup;
			children = (
				400853131C310643004C2DE1 /* LabelView */,
				4008532D1C310643004C2DE1 /* LabelViewTests */,
				400853381C310643004C2DE1 /* LabelViewUITests */,
				400853121C310643004C2DE1 /* Products */,
			);
			sourceTree = "<group>";
		};
		400853121C310643004C2DE1 /* Products */ = {
			isa = PBXGroup;
			children = (
				400853111C310643004C2DE1 /* LabelView.app */,
				4008532A1C310643004C2DE1 /* LabelViewTests.xctest */,
				400853351C310643004C2DE1 /* LabelViewUITests.xctest */,
			);
			name = Products;
			sourceTree = "<group>";
		};
		400853131C310643004C2DE1 /* LabelView */ = {
			isa = PBXGroup;
			children = (
				400853171C310643004C2DE1 /* AppDelegate.h */,
				400853181C310643004C2DE1 /* AppDelegate.m */,
				4008531A1C310643004C2DE1 /* ViewController.h */,
				4008531B1C310643004C2DE1 /* ViewController.m */,
				4008531D1C310643004C2DE1 /* Main.storyboard */,
				400853201C310643004C2DE1 /* Assets.xcassets */,
				400853221C310643004C2DE1 /* LaunchScreen.storyboard */,
				400853251C310643004C2DE1 /* Info.plist */,
				400853141C310643004C2DE1 /* Supporting Files */,
				400853471C313CA2004C2DE1 /* ListLabelsView.h */,
				400853481C313CA2004C2DE1 /* ListLabelsView.m */,
			);
			path = LabelView;
			sourceTree = "<group>";
		};
		400853141C310643004C2DE1 /* Supporting Files */ = {
			isa = PBXGroup;
			children = (
				400853151C310643004C2DE1 /* main.m */,
			);
			name = "Supporting Files";
			sourceTree = "<group>";
		};
		4008532D1C310643004C2DE1 /* LabelViewTests */ = {
			isa = PBXGroup;
			children = (
				4008532E1C310643004C2DE1 /* LabelViewTests.m */,
				400853301C310643004C2DE1 /* Info.plist */,
			);
			path = LabelViewTests;
			sourceTree = "<group>";
		};
		400853381C310643004C2DE1 /* LabelViewUITests */ = {
			isa = PBXGroup;
			children = (
				400853391C310643004C2DE1 /* LabelViewUITests.m */,
				4008533B1C310643004C2DE1 /* Info.plist */,
			);
			path = LabelViewUITests;
			sourceTree = "<group>";
		};
/* End PBXGroup section */

/* Begin PBXNativeTarget section */
		400853101C310643004C2DE1 /* LabelView */ = {
			isa = PBXNativeTarget;
			buildConfigurationList = 4008533E1C310643004C2DE1 /* Build configuration list for PBXNativeTarget "LabelView" */;
			buildPhases = (
				4008530D1C310643004C2DE1 /* Sources */,
				4008530E1C310643004C2DE1 /* Frameworks */,
				4008530F1C310643004C2DE1 /* Resources */,
			);
			buildRules = (
			);
			dependencies = (
			);
			name = LabelView;
			productName = LabelView;
			productReference = 400853111C310643004C2DE1 /* LabelView.app */;
			productType = "com.apple.product-type.application";
		};
		400853291C310643004C2DE1 /* LabelViewTests */ = {
			isa = PBXNativeTarget;
			buildConfigurationList = 400853411C310643004C2DE1 /* Build configuration list for PBXNativeTarget "LabelViewTests" */;
			buildPhases = (
				400853261C310643004C2DE1 /* Sources */,
				400853271C310643004C2DE1 /* Frameworks */,
				400853281C310643004C2DE1 /* Resources */,
			);
			buildRules = (
			);
			dependencies = (
				4008532C1C310643004C2DE1 /* PBXTargetDependency */,
			);
			name = LabelViewTests;
			productName = LabelViewTests;
			productReference = 4008532A1C310643004C2DE1 /* LabelViewTests.xctest */;
			productType = "com.apple.product-type.bundle.unit-test";
		};
		400853341C310643004C2DE1 /* LabelViewUITests */ = {
			isa = PBXNativeTarget;
			buildConfigurationList = 400853441C310643004C2DE1 /* Build configuration list for PBXNativeTarget "LabelViewUITests" */;
			buildPhases = (
				400853311C310643004C2DE1 /* Sources */,
				400853321C310643004C2DE1 /* Frameworks */,
				400853331C310643004C2DE1 /* Resources */,
			);
			buildRules = (
			);
			dependencies = (
				400853371C310643004C2DE1 /* PBXTargetDependency */,
			);
			name = LabelViewUITests;
			productName = LabelViewUITests;
			productReference = 400853351C310643004C2DE1 /* LabelViewUITests.xctest */;
			productType = "com.apple.product-type.bundle.ui-testing";
		};
/* End PBXNativeTarget section */

/* Begin PBXProject section */
		400853091C310643004C2DE1 /* Project object */ = {
			isa = PBXProject;
			attributes = {
				LastUpgradeCheck = 0710;
				ORGANIZATIONNAME = com.pencho.com;
				TargetAttributes = {
					400853101C310643004C2DE1 = {
						CreatedOnToolsVersion = 7.1.1;
					};
					400853291C310643004C2DE1 = {
						CreatedOnToolsVersion = 7.1.1;
						TestTargetID = 400853101C310643004C2DE1;
					};
					400853341C310643004C2DE1 = {
						CreatedOnToolsVersion = 7.1.1;
						TestTargetID = 400853101C310643004C2DE1;
					};
				};
			};
			buildConfigurationList = 4008530C1C310643004C2DE1 /* Build configuration list for PBXProject "LabelView" */;
			compatibilityVersion = "Xcode 3.2";
			developmentRegion = English;
			hasScannedForEncodings = 0;
			knownRegions = (
				en,
				Base,
			);
			mainGroup = 400853081C310643004C2DE1;
			productRefGroup = 400853121C310643004C2DE1 /* Products */;
			projectDirPath = "";
			projectRoot = "";
			targets = (
				400853101C310643004C2DE1 /* LabelView */,
				400853291C310643004C2DE1 /* LabelViewTests */,
				400853341C310643004C2DE1 /* LabelViewUITests */,
			);
		};
/* End PBXProject section */

/* Begin PBXResourcesBuildPhase section */
		4008530F1C310643004C2DE1 /* Resources */ = {
			isa = PBXResourcesBuildPhase;
			buildActionMask = 2147483647;
			files = (
				400853241C310643004C2DE1 /* LaunchScreen.storyboard in Resources */,
				400853211C310643004C2DE1 /* Assets.xcassets in Resources */,
				4008531F1C310643004C2DE1 /* Main.storyboard in Resources */,
			);
			runOnlyForDeploymentPostprocessing = 0;
		};
		400853281C310643004C2DE1 /* Resources */ = {
			isa = PBXResourcesBuildPhase;
			buildActionMask = 2147483647;
			files = (
			);
			runOnlyForDeploymentPostprocessing = 0;
		};
		400853331C310643004C2DE1 /* Resources */ = {
			isa = PBXResourcesBuildPhase;
			buildActionMask = 2147483647;
			files = (
			);
			runOnlyForDeploymentPostprocessing = 0;
		};
/* End PBXResourcesBuildPhase section */

/* Begin PBXSourcesBuildPhase section */
		4008530D1C310643004C2DE1 /* Sources */ = {
			isa = PBXSourcesBuildPhase;
			buildActionMask = 2147483647;
			files = (
				4008531C1C310643004C2DE1 /* ViewController.m in Sources */,
				400853491C313CA2004C2DE1 /* ListLabelsView.m in Sources */,
				400853191C310643004C2DE1 /* AppDelegate.m in Sources */,
				400853161C310643004C2DE1 /* main.m in Sources */,
			);
			runOnlyForDeploymentPostprocessing = 0;
		};
		400853261C310643004C2DE1 /* Sources */ = {
			isa = PBXSourcesBuildPhase;
			buildActionMask = 2147483647;
			files = (
				4008532F1C310643004C2DE1 /* LabelViewTests.m in Sources */,
			);
			runOnlyForDeploymentPostprocessing = 0;
		};
		400853311C310643004C2DE1 /* Sources */ = {
			isa = PBXSourcesBuildPhase;
			buildActionMask = 2147483647;
			files = (
				4008533A1C310643004C2DE1 /* LabelViewUITests.m in Sources */,
			);
			runOnlyForDeploymentPostprocessing = 0;
		};
/* End PBXSourcesBuildPhase section */

/* Begin PBXTargetDependency section */
		4008532C1C310643004C2DE1 /* PBXTargetDependency */ = {
			isa = PBXTargetDependency;
			target = 400853101C310643004C2DE1 /* LabelView */;
			targetProxy = 4008532B1C310643004C2DE1 /* PBXContainerItemProxy */;
		};
		400853371C310643004C2DE1 /* PBXTargetDependency */ = {
			isa = PBXTargetDependency;
			target = 400853101C310643004C2DE1 /* LabelView */;
			targetProxy = 400853361C310643004C2DE1 /* PBXContainerItemProxy */;
		};
/* End PBXTargetDependency section */

/* Begin PBXVariantGroup section */
		4008531D1C310643004C2DE1 /* Main.storyboard */ = {
			isa = PBXVariantGroup;
			children = (
				4008531E1C310643004C2DE1 /* Base */,
			);
			name = Main.storyboard;
			sourceTree = "<group>";
		};
		400853221C310643004C2DE1 /* LaunchScreen.storyboard */ = {
			isa = PBXVariantGroup;
			children = (
				400853231C310643004C2DE1 /* Base */,
			);
			name = LaunchScreen.storyboard;
			sourceTree = "<group>";
		};
/* End PBXVariantGroup section */

/* Begin XCBuildConfiguration section */
		4008533C1C310643004C2DE1 /* Debug */ = {
			isa = XCBuildConfiguration;
			buildSettings = {
				ALWAYS_SEARCH_USER_PATHS = NO;
				CLANG_CXX_LANGUAGE_STANDARD = "gnu++0x";
				CLANG_CXX_LIBRARY = "libc++";
				CLANG_ENABLE_MODULES = YES;
				CLANG_ENABLE_OBJC_ARC = YES;
				CLANG_WARN_BOOL_CONVERSION = YES;
				CLANG_WARN_CONSTANT_CONVERSION = YES;
				CLANG_WARN_DIRECT_OBJC_ISA_USAGE = YES_ERROR;
				CLANG_WARN_EMPTY_BODY = YES;
				CLANG_WARN_ENUM_CONVERSION = YES;
				CLANG_WARN_INT_CONVERSION = YES;
				CLANG_WARN_OBJC_ROOT_CLASS = YES_ERROR;
				CLANG_WARN_UNREACHABLE_CODE = YES;
				CLANG_WARN__DUPLICATE_METHOD_MATCH = YES;
				"CODE_SIGN_IDENTITY[sdk=iphoneos*]" = "iPhone Developer";
				COPY_PHASE_STRIP = NO;
				DEBUG_INFORMATION_FORMAT = dwarf;
				ENABLE_STRICT_OBJC_MSGSEND = YES;
				ENABLE_TESTABILITY = YES;
				GCC_C_LANGUAGE_STANDARD = gnu99;
				GCC_DYNAMIC_NO_PIC = NO;
				GCC_NO_COMMON_BLOCKS = YES;
				GCC_OPTIMIZATION_LEVEL = 0;
				GCC_PREPROCESSOR_DEFINITIONS = (
					"DEBUG=1",
					"$(inherited)",
				);
				GCC_WARN_64_TO_32_BIT_CONVERSION = YES;
				GCC_WARN_ABOUT_RETURN_TYPE = YES_ERROR;
				GCC_WARN_UNDECLARED_SELECTOR = YES;
				GCC_WARN_UNINITIALIZED_AUTOS = YES_AGGRESSIVE;
				GCC_WARN_UNUSED_FUNCTION = YES;
				GCC_WARN_UNUSED_VARIABLE = YES;
				IPHONEOS_DEPLOYMENT_TARGET = 9.1;
				MTL_ENABLE_DEBUG_INFO = YES;
				ONLY_ACTIVE_ARCH = YES;
				SDKROOT = iphoneos;
				TARGETED_DEVICE_FAMILY = "1,2";
			};
			name = Debug;
		};
		4008533D1C310643004C2DE1 /* Release */ = {
			isa = XCBuildConfiguration;
			buildSettings = {
				ALWAYS_SEARCH_USER_PATHS = NO;
				CLANG_CXX_LANGUAGE_STANDARD = "gnu++0x";
				CLANG_CXX_LIBRARY = "libc++";
				CLANG_ENABLE_MODULES = YES;
				CLANG_ENABLE_OBJC_ARC = YES;
				CLANG_WARN_BOOL_CONVERSION = YES;
				CLANG_WARN_CONSTANT_CONVERSION = YES;
				CLANG_WARN_DIRECT_OBJC_ISA_USAGE = YES_ERROR;
				CLANG_WARN_EMPTY_BODY = YES;
				CLANG_WARN_ENUM_CONVERSION = YES;
				CLANG_WARN_INT_CONVERSION = YES;
				CLANG_WARN_OBJC_ROOT_CLASS = YES_ERROR;
				CLANG_WARN_UNREACHABLE_CODE = YES;
				CLANG_WARN__DUPLICATE_METHOD_MATCH = YES;
				"CODE_SIGN_IDENTITY[sdk=iphoneos*]" = "iPhone Developer";
				COPY_PHASE_STRIP = NO;
				DEBUG_INFORMATION_FORMAT = "dwarf-with-dsym";
				ENABLE_NS_ASSERTIONS = NO;
				ENABLE_STRICT_OBJC_MSGSEND = YES;
				GCC_C_LANGUAGE_STANDARD = gnu99;
				GCC_NO_COMMON_BLOCKS = YES;
				GCC_WARN_64_TO_32_BIT_CONVERSION = YES;
				GCC_WARN_ABOUT_RETURN_TYPE = YES_ERROR;
				GCC_WARN_UNDECLARED_SELECTOR = YES;
				GCC_WARN_UNINITIALIZED_AUTOS = YES_AGGRESSIVE;
				GCC_WARN_UNUSED_FUNCTION = YES;
				GCC_WARN_UNUSED_VARIABLE = YES;
				IPHONEOS_DEPLOYMENT_TARGET = 9.1;
				MTL_ENABLE_DEBUG_INFO = NO;
				SDKROOT = iphoneos;
				TARGETED_DEVICE_FAMILY = "1,2";
				VALIDATE_PRODUCT = YES;
			};
			name = Release;
		};
		4008533F1C310643004C2DE1 /* Debug */ = {
			isa = XCBuildConfiguration;
			buildSettings = {
				ASSETCATALOG_COMPILER_APPICON_NAME = AppIcon;
				INFOPLIST_FILE = LabelView/Info.plist;
				LD_RUNPATH_SEARCH_PATHS = "$(inherited) @executable_path/Frameworks";
				PRODUCT_BUNDLE_IDENTIFIER = pencho.com.LabelView;
				PRODUCT_NAME = "$(TARGET_NAME)";
			};
			name = Debug;
		};
		400853401C310643004C2DE1 /* Release */ = {
			isa = XCBuildConfiguration;
			buildSettings = {
				ASSETCATALOG_COMPILER_APPICON_NAME = AppIcon;
				INFOPLIST_FILE = LabelView/Info.plist;
				LD_RUNPATH_SEARCH_PATHS = "$(inherited) @executable_path/Frameworks";
				PRODUCT_BUNDLE_IDENTIFIER = pencho.com.LabelView;
				PRODUCT_NAME = "$(TARGET_NAME)";
			};
			name = Release;
		};
		400853421C310643004C2DE1 /* Debug */ = {
			isa = XCBuildConfiguration;
			buildSettings = {
				BUNDLE_LOADER = "$(TEST_HOST)";
				INFOPLIST_FILE = LabelViewTests/Info.plist;
				LD_RUNPATH_SEARCH_PATHS = "$(inherited) @executable_path/Frameworks @loader_path/Frameworks";
				PRODUCT_BUNDLE_IDENTIFIER = pencho.com.LabelViewTests;
				PRODUCT_NAME = "$(TARGET_NAME)";
				TEST_HOST = "$(BUILT_PRODUCTS_DIR)/LabelView.app/LabelView";
			};
			name = Debug;
		};
		400853431C310643004C2DE1 /* Release */ = {
			isa = XCBuildConfiguration;
			buildSettings = {
				BUNDLE_LOADER = "$(TEST_HOST)";
				INFOPLIST_FILE = LabelViewTests/Info.plist;
				LD_RUNPATH_SEARCH_PATHS = "$(inherited) @executable_path/Frameworks @loader_path/Frameworks";
				PRODUCT_BUNDLE_IDENTIFIER = pencho.com.LabelViewTests;
				PRODUCT_NAME = "$(TARGET_NAME)";
				TEST_HOST = "$(BUILT_PRODUCTS_DIR)/LabelView.app/LabelView";
			};
			name = Release;
		};
		400853451C310643004C2DE1 /* Debug */ = {
			isa = XCBuildConfiguration;
			buildSettings = {
				INFOPLIST_FILE = LabelViewUITests/Info.plist;
				LD_RUNPATH_SEARCH_PATHS = "$(inherited) @executable_path/Frameworks @loader_path/Frameworks";
				PRODUCT_BUNDLE_IDENTIFIER = pencho.com.LabelViewUITests;
				PRODUCT_NAME = "$(TARGET_NAME)";
				TEST_TARGET_NAME = LabelView;
				USES_XCTRUNNER = YES;
			};
			name = Debug;
		};
		400853461C310643004C2DE1 /* Release */ = {
			isa = XCBuildConfiguration;
			buildSettings = {
				INFOPLIST_FILE = LabelViewUITests/Info.plist;
				LD_RUNPATH_SEARCH_PATHS = "$(inherited) @executable_path/Frameworks @loader_path/Frameworks";
				PRODUCT_BUNDLE_IDENTIFIER = pencho.com.LabelViewUITests;
				PRODUCT_NAME = "$(TARGET_NAME)";
				TEST_TARGET_NAME = LabelView;
				USES_XCTRUNNER = YES;
			};
			name = Release;
		};
/* End XCBuildConfiguration section */

/* Begin XCConfigurationList section */
		4008530C1C310643004C2DE1 /* Build configuration list for PBXProject "LabelView" */ = {
			isa = XCConfigurationList;
			buildConfigurations = (
				4008533C1C310643004C2DE1 /* Debug */,
				4008533D1C310643004C2DE1 /* Release */,
			);
			defaultConfigurationIsVisible = 0;
			defaultConfigurationName = Release;
		};
		4008533E1C310643004C2DE1 /* Build configuration list for PBXNativeTarget "LabelView" */ = {
			isa = XCConfigurationList;
			buildConfigurations = (
				4008533F1C310643004C2DE1 /* Debug */,
				400853401C310643004C2DE1 /* Release */,
			);
			defaultConfigurationIsVisible = 0;
		};
		400853411C310643004C2DE1 /* Build configuration list for PBXNativeTarget "LabelViewTests" */ = {
			isa = XCConfigurationList;
			buildConfigurations = (
				400853421C310643004C2DE1 /* Debug */,
				400853431C310643004C2DE1 /* Release */,
			);
			defaultConfigurationIsVisible = 0;
		};
		400853441C310643004C2DE1 /* Build configuration list for PBXNativeTarget "LabelViewUITests" */ = {
			isa = XCConfigurationList;
			buildConfigurations = (
				400853451C310643004C2DE1 /* Debug */,
				400853461C310643004C2DE1 /* Release */,
			);
			defaultConfigurationIsVisible = 0;
		};
/* End XCConfigurationList section */
	};
	rootObject = 400853091C310643004C2DE1 /* Project object */;
}
